<?xml version="1.0" encoding="utf-8"?>
<Project ToolsVersion="4.0" xmlns="http://schemas.microsoft.com/developer/msbuild/2003">
  <ItemGroup>
    <Filter Include="Source Files">
      <UniqueIdentifier>{4FC737F1-C7A5-4376-A066-2A32D752A2FF}</UniqueIdentifier>
      <Extensions>cpp;c;cc;cxx;c++;cppm;ixx;def;odl;idl;hpj;bat;asm;asmx</Extensions>
    </Filter>
    <Filter Include="Header Files">
      <UniqueIdentifier>{93995380-89BD-4b04-88EB-625FBE52EBFB}</UniqueIdentifier>
      <Extensions>h;hh;hpp;hxx;h++;hm;inl;inc;ipp;xsd</Extensions>
    </Filter>
    <Filter Include="Resource Files">
      <UniqueIdentifier>{67DA6AB6-F800-4c08-8B7A-83BB121AAD01}</UniqueIdentifier>
      <Extensions>rc;ico;cur;bmp;dlg;rc2;rct;bin;rgs;gif;jpg;jpeg;jpe;resx;tiff;tif;png;wav;mfcribbon-ms</Extensions>
    </Filter>
    <Filter Include="Shaders">
      <UniqueIdentifier>{b507a97a-8073-4105-8607-7e93f2ef9f94}</UniqueIdentifier>
    </Filter>
    <Filter Include="assets">
      <UniqueIdentifier>{c728d622-33f7-49d5-b910-fc00a94f22b6}</UniqueIdentifier>
    </Filter>
    <Filter Include="assets\textures">
      <UniqueIdentifier>{e7d755fd-d008-4e54-bf68-67b33c4b6b69}</UniqueIdentifier>
    </Filter>
  </ItemGroup>
  <ItemGroup>
    <ClCompile Include="main.cpp">
      <Filter>Resource Files</Filter>
    </ClCompile>
    <ClCompile Include="external\glad\src\glad.c">
      <Filter>Source Files</Filter>
    </ClCompile>
    <ClCompile Include="Engine.cpp">
      <Filter>Resource Files</Filter>
    </ClCompile>
    <ClCompile Include="Camera.cpp">
      <Filter>Resource Files</Filter>
    </ClCompile>
    <ClCompile Include="Object3D.cpp">
      <Filter>Resource Files</Filter>
    </ClCompile>
    <ClCompile Include="Cube.cpp">
      <Filter>Resource Files</Filter>
    </ClCompile>
    <ClCompile Include="Shader.cpp">
      <Filter>Resource Files</Filter>
    </ClCompile>
    <ClCompile Include="Texture.cpp">
      <Filter>Resource Files</Filter>
    </ClCompile>
  </ItemGroup>
  <ItemGroup>
    <ClInclude Include="Engine.h">
      <Filter>Source Files</Filter>
    </ClInclude>
    <ClInclude Include="Camera.h">
      <Filter>Source Files</Filter>
    </ClInclude>
    <ClInclude Include="Object3D.h">
      <Filter>Source Files</Filter>
    </ClInclude>
    <ClInclude Include="Cube.h">
      <Filter>Source Files</Filter>
    </ClInclude>
    <ClInclude Include="Shader.h">
      <Filter>Source Files</Filter>
    </ClInclude>
    <ClInclude Include="Texture.h">
      <Filter>Source Files</Filter>
    </ClInclude>
  </ItemGroup>
  <ItemGroup>
    <None Include="vertex.glsl">
      <Filter>Shaders</Filter>
    </None>
    <None Include="fragment.glsl">
      <Filter>Shaders</Filter>
    </None>
  </ItemGroup>
  <ItemGroup>
    <Image Include="x64\Debug\brick.jpg">
      <Filter>assets\textures</Filter>
    </Image>
  </ItemGroup>
</Project>